{
  "name": "w-demores",
  "version": "1.0.0",
  "lockfileVersion": 1,
  "requires": true,
  "dependencies": {
    "w-package-tools": {
      "version": "1.0.12",
      "resolved": "https://registry.npmjs.org/w-package-tools/-/w-package-tools-1.0.12.tgz",
      "integrity": "sha512-1h8KOXDw4hmCsh1B6ckNvmchInbX9hyHsCxk5bsXIwbPTX2YolKydhYNcoJfS8yVaKzgkJj1uLdWizYo9YXs0w==",
      "dev": true
    }
  }
}
