{
  "name": "w-demores",
  "version": "1.0.0",
  "lockfileVersion": 1,
  "requires": true,
  "dependencies": {
    "lodash": {
      "version": "4.17.15",
      "resolved": "https://registry.npmjs.org/lodash/-/lodash-4.17.15.tgz",
      "integrity": "sha512-8xOcRHvCjnocdS5cpwXQXVzmmh5e5+saE2QGoeQmbKmRS6J3VQppPOIt0MnmE+4xlZoumy0GPG0D0MVIQbNA1A==",
      "dev": true
    },
    "w-package-tools": {
      "version": "1.0.13",
      "resolved": "https://registry.npmjs.org/w-package-tools/-/w-package-tools-1.0.13.tgz",
      "integrity": "sha512-QO1t5n/cwLMCCE9YJJvY95d7RAocIfQK0AfqKD8nps933/SlYxAyDcOeuNkvXYOaXVPnBqqSulqNfqSf2C0E7A==",
      "dev": true,
      "requires": {
        "lodash": "^4.17.15"
      }
    }
  }
}
